{
  "name": "vue",
  "version": "0.0.0",
  "lockfileVersion": 3,
  "requires": true,
  "packages": {
    "": {
      "name": "vue",
      "version": "0.0.0",
      "dependencies": {
        "@auth0/auth0-vue": "^2.5.0",
        "vue": "^3.5.25"
      },
      "devDependencies": {
        "@types/node": "^24.10.1",
        "@vitejs/plugin-vue": "^6.0.2",
        "@vue/tsconfig": "^0.8.1",
        "typescript": "~5.9.3",
        "vite": "^7.3.1",
        "vue-tsc": "^3.1.5"
      }
    },
    "../../node_modules/.pnpm/@types+node@24.10.13/node_modules/@types/node": {
      "version": "24.10.13",
      "dev": true,
      "license": "MIT",
      "dependencies": {
        "undici-types": "~7.16.0"
      }
    },
    "../../node_modules/.pnpm/@vitejs+plugin-vue@6.0.4_vite@7.3.1_@types+node@24.10.13_jiti@2.6.1_lightningcss@1.30.2_209c56424fb06a08cd9226a7fbd485a8/node_modules/@vitejs/plugin-vue": {
      "version": "6.0.4",
      "dev": true,
      "license": "MIT",
      "dependencies": {
        "@rolldown/pluginutils": "1.0.0-rc.2"
      },
      "devDependencies": {
        "@jridgewell/gen-mapping": "^0.3.13",
        "@jridgewell/trace-mapping": "^0.3.31",
        "obug": "^2.1.1",
        "rollup": "^4.57.1",
        "slash": "^5.1.0",
        "source-map-js": "^1.2.1",
        "tsdown": "^0.20.1",
        "vite": "^7.3.1",
        "vue": "^3.5.27"
      },
      "engines": {
        "node": "^20.19.0 || >=22.12.0"
      },
      "peerDependencies": {
        "vite": "^5.0.0 || ^6.0.0 || ^7.0.0 || ^8.0.0-0",
        "vue": "^3.2.25"
      }
    },
    "../../node_modules/.pnpm/@vue+tsconfig@0.8.1_typescript@5.9.3_vue@3.5.28_typescript@5.9.3_/node_modules/@vue/tsconfig": {
      "version": "0.8.1",
      "dev": true,
      "license": "MIT",
      "peerDependencies": {
        "typescript": "5.x",
        "vue": "^3.4.0"
      },
      "peerDependenciesMeta": {
        "typescript": {
          "optional": true
        },
        "vue": {
          "optional": true
        }
      }
    },
    "../../node_modules/.pnpm/typescript@5.9.3/node_modules/typescript": {
      "version": "5.9.3",
      "dev": true,
      "license": "Apache-2.0",
      "bin": {
        "tsc": "bin/tsc",
        "tsserver": "bin/tsserver"
      },
      "devDependencies": {
        "@dprint/formatter": "^0.4.1",
        "@dprint/typescript": "0.93.4",
        "@esfx/canceltoken": "^1.0.0",
        "@eslint/js": "^9.20.0",
        "@octokit/rest": "^21.1.1",
        "@types/chai": "^4.3.20",
        "@types/diff": "^7.0.1",
        "@types/minimist": "^1.2.5",
        "@types/mocha": "^10.0.10",
        "@types/ms": "^0.7.34",
        "@types/node": "latest",
        "@types/source-map-support": "^0.5.10",
        "@types/which": "^3.0.4",
        "@typescript-eslint/rule-tester": "^8.24.1",
        "@typescript-eslint/type-utils": "^8.24.1",
        "@typescript-eslint/utils": "^8.24.1",
        "azure-devops-node-api": "^14.1.0",
        "c8": "^10.1.3",
        "chai": "^4.5.0",
        "chokidar": "^4.0.3",
        "diff": "^7.0.0",
        "dprint": "^0.49.0",
        "esbuild": "^0.25.0",
        "eslint": "^9.20.1",
        "eslint-formatter-autolinkable-stylish": "^1.4.0",
        "eslint-plugin-regexp": "^2.7.0",
        "fast-xml-parser": "^4.5.2",
        "glob": "^10.4.5",
        "globals": "^15.15.0",
        "hereby": "^1.10.0",
        "jsonc-parser": "^3.3.1",
        "knip": "^5.44.4",
        "minimist": "^1.2.8",
        "mocha": "^10.8.2",
        "mocha-fivemat-progress-reporter": "^0.1.0",
        "monocart-coverage-reports": "^2.12.1",
        "ms": "^2.1.3",
        "picocolors": "^1.1.1",
        "playwright": "^1.50.1",
        "source-map-support": "^0.5.21",
        "tslib": "^2.8.1",
        "typescript": "^5.7.3",
        "typescript-eslint": "^8.24.1",
        "which": "^3.0.1"
      },
      "engines": {
        "node": ">=14.17"
      }
    },
    "../../node_modules/.pnpm/vite@7.3.1_@types+node@24.10.13_jiti@2.6.1_lightningcss@1.30.2_tsx@4.21.0_yaml@2.8.1/node_modules/vite": {
      "version": "7.3.1",
      "dev": true,
      "license": "MIT",
      "dependencies": {
        "esbuild": "^0.27.0",
        "fdir": "^6.5.0",
        "picomatch": "^4.0.3",
        "postcss": "^8.5.6",
        "rollup": "^4.43.0",
        "tinyglobby": "^0.2.15"
      },
      "bin": {
        "vite": "bin/vite.js"
      },
      "devDependencies": {
        "@babel/parser": "^7.28.5",
        "@jridgewell/remapping": "^2.3.5",
        "@jridgewell/trace-mapping": "^0.3.31",
        "@oxc-project/types": "0.95.0",
        "@polka/compression": "^1.0.0-next.25",
        "@rolldown/pluginutils": "^1.0.0-beta.52",
        "@rollup/plugin-alias": "^5.1.1",
        "@rollup/plugin-commonjs": "^29.0.0",
        "@rollup/plugin-dynamic-import-vars": "2.1.4",
        "@rollup/pluginutils": "^5.3.0",
        "@types/escape-html": "^1.0.4",
        "@types/pnpapi": "^0.0.5",
        "artichokie": "^0.4.2",
        "baseline-browser-mapping": "^2.8.32",
        "cac": "^6.7.14",
        "chokidar": "^3.6.0",
        "connect": "^3.7.0",
        "convert-source-map": "^2.0.0",
        "cors": "^2.8.5",
        "cross-spawn": "^7.0.6",
        "dotenv": "^17.2.3",
        "dotenv-expand": "^12.0.3",
        "es-module-lexer": "^1.7.0",
        "escape-html": "^1.0.3",
        "estree-walker": "^3.0.3",
        "etag": "^1.8.1",
        "host-validation-middleware": "^0.1.2",
        "http-proxy-3": "^1.22.0",
        "launch-editor-middleware": "^2.12.0",
        "lightningcss": "^1.30.2",
        "magic-string": "^0.30.21",
        "mlly": "^1.8.0",
        "mrmime": "^2.0.1",
        "nanoid": "^5.1.6",
        "obug": "^1.0.2",
        "open": "^10.2.0",
        "parse5": "^8.0.0",
        "pathe": "^2.0.3",
        "periscopic": "^4.0.2",
        "picocolors": "^1.1.1",
        "postcss-import": "^16.1.1",
        "postcss-load-config": "^6.0.1",
        "postcss-modules": "^6.0.1",
        "premove": "^4.0.0",
        "resolve.exports": "^2.0.3",
        "rolldown": "^1.0.0-beta.52",
        "rolldown-plugin-dts": "^0.18.1",
        "rollup-plugin-license": "^3.6.0",
        "sass": "^1.94.2",
        "sass-embedded": "^1.93.3",
        "sirv": "^3.0.2",
        "strip-literal": "^3.1.0",
        "terser": "^5.44.1",
        "tsconfck": "^3.1.6",
        "ufo": "^1.6.1",
        "ws": "^8.18.3"
      },
      "engines": {
        "node": "^20.19.0 || >=22.12.0"
      },
      "funding": {
        "url": "https://github.com/vitejs/vite?sponsor=1"
      },
      "optionalDependencies": {
        "fsevents": "~2.3.3"
      },
      "peerDependencies": {
        "@types/node": "^20.19.0 || >=22.12.0",
        "jiti": ">=1.21.0",
        "less": "^4.0.0",
        "lightningcss": "^1.21.0",
        "sass": "^1.70.0",
        "sass-embedded": "^1.70.0",
        "stylus": ">=0.54.8",
        "sugarss": "^5.0.0",
        "terser": "^5.16.0",
        "tsx": "^4.8.1",
        "yaml": "^2.4.2"
      },
      "peerDependenciesMeta": {
        "@types/node": {
          "optional": true
        },
        "jiti": {
          "optional": true
        },
        "less": {
          "optional": true
        },
        "lightningcss": {
          "optional": true
        },
        "sass": {
          "optional": true
        },
        "sass-embedded": {
          "optional": true
        },
        "stylus": {
          "optional": true
        },
        "sugarss": {
          "optional": true
        },
        "terser": {
          "optional": true
        },
        "tsx": {
          "optional": true
        },
        "yaml": {
          "optional": true
        }
      }
    },
    "../../node_modules/.pnpm/vue-tsc@3.2.4_typescript@5.9.3/node_modules/vue-tsc": {
      "version": "3.2.4",
      "dev": true,
      "license": "MIT",
      "dependencies": {
        "@volar/typescript": "2.4.27",
        "@vue/language-core": "3.2.4"
      },
      "bin": {
        "vue-tsc": "bin/vue-tsc.js"
      },
      "devDependencies": {
        "@types/node": "^22.10.4"
      },
      "peerDependencies": {
        "typescript": ">=5.0.0"
      }
    },
    "../../node_modules/.pnpm/vue@3.5.28_typescript@5.9.3/node_modules/vue": {
      "version": "3.5.28",
      "license": "MIT",
      "dependencies": {
        "@vue/compiler-dom": "3.5.28",
        "@vue/compiler-sfc": "3.5.28",
        "@vue/runtime-dom": "3.5.28",
        "@vue/server-renderer": "3.5.28",
        "@vue/shared": "3.5.28"
      },
      "peerDependencies": {
        "typescript": "*"
      },
      "peerDependenciesMeta": {
        "typescript": {
          "optional": true
        }
      }
    },
    "node_modules/@auth0/auth0-auth-js": {
      "version": "1.4.0",
      "resolved": "https://a0us.jfrog.io/artifactory/api/npm/npm/@auth0/auth0-auth-js/-/auth0-auth-js-1.4.0.tgz",
      "integrity": "sha512-ShA7KT4KvcBEtxsXZTcrmoNxai5q1JXhB2aEBFnZD1L6LNLzzmiUWiFTtGMsaaITCylr8TJ/onEQk6XZmUHXbg==",
      "license": "MIT",
      "dependencies": {
        "jose": "^6.0.8",
        "openid-client": "^6.8.0"
      }
    },
    "node_modules/@auth0/auth0-spa-js": {
      "version": "2.15.0",
      "resolved": "https://a0us.jfrog.io/artifactory/api/npm/npm/@auth0/auth0-spa-js/-/auth0-spa-js-2.15.0.tgz",
      "integrity": "sha512-cXv1Isyy4JEc+GxesQPFj3SEbDSnCVQTGiardY9WLSoYTsMMU585Kgm9TJFPJO4dDq3wi+DSJoy3IUcB3rr9nA==",
      "license": "MIT",
      "dependencies": {
        "@auth0/auth0-auth-js": "^1.4.0",
        "browser-tabs-lock": "^1.2.15",
        "dpop": "^2.1.1",
        "es-cookie": "~1.3.2"
      }
    },
    "node_modules/@auth0/auth0-vue": {
      "version": "2.5.0",
      "resolved": "https://a0us.jfrog.io/artifactory/api/npm/npm/@auth0/auth0-vue/-/auth0-vue-2.5.0.tgz",
      "integrity": "sha512-/qHTW64QjHCbsVFKhbJq9/ZzpEsp35sFiQaWzH/J4z+lPldgXQMmEF6yvvWhg0TbXQHMXPgOqGnK9lLdRHkR3w==",
      "license": "MIT",
      "dependencies": {
        "@auth0/auth0-spa-js": "^2.10.0",
        "vue": "^3.5.21"
      },
      "peerDependencies": {
        "vue-router": "^4.0.12"
      },
      "peerDependenciesMeta": {
        "vue-router": {
          "optional": true
        }
      }
    },
    "node_modules/@types/node": {
      "resolved": "../../node_modules/.pnpm/@types+node@24.10.13/node_modules/@types/node",
      "link": true
    },
    "node_modules/@vitejs/plugin-vue": {
      "resolved": "../../node_modules/.pnpm/@vitejs+plugin-vue@6.0.4_vite@7.3.1_@types+node@24.10.13_jiti@2.6.1_lightningcss@1.30.2_209c56424fb06a08cd9226a7fbd485a8/node_modules/@vitejs/plugin-vue",
      "link": true
    },
    "node_modules/@vue/tsconfig": {
      "resolved": "../../node_modules/.pnpm/@vue+tsconfig@0.8.1_typescript@5.9.3_vue@3.5.28_typescript@5.9.3_/node_modules/@vue/tsconfig",
      "link": true
    },
    "node_modules/browser-tabs-lock": {
      "version": "1.3.0",
      "resolved": "https://a0us.jfrog.io/artifactory/api/npm/npm/browser-tabs-lock/-/browser-tabs-lock-1.3.0.tgz",
      "integrity": "sha512-g6nHaobTiT0eMZ7jh16YpD2kcjAp+PInbiVq3M1x6KKaEIVhT4v9oURNIpZLOZ3LQbQ3XYfNhMAb/9hzNLIWrw==",
      "hasInstallScript": true,
      "license": "MIT",
      "dependencies": {
        "lodash": ">=4.17.21"
      }
    },
    "node_modules/dpop": {
      "version": "2.1.1",
      "resolved": "https://a0us.jfrog.io/artifactory/api/npm/npm/dpop/-/dpop-2.1.1.tgz",
      "integrity": "sha512-J0Of2JTiM4h5si0tlbPQ/lkqfZ5wAEVkKYBhkwyyANnPJfWH4VsR5uIkZ+T+OSPIwDYUg1fbd5Mmodd25HjY1w==",
      "license": "MIT",
      "funding": {
        "url": "https://github.com/sponsors/panva"
      }
    },
    "node_modules/es-cookie": {
      "version": "1.3.2",
      "resolved": "https://a0us.jfrog.io/artifactory/api/npm/npm/es-cookie/-/es-cookie-1.3.2.tgz",
      "integrity": "sha512-UTlYYhXGLOy05P/vKVT2Ui7WtC7NiRzGtJyAKKn32g5Gvcjn7KAClLPWlipCtxIus934dFg9o9jXiBL0nP+t9Q==",
      "license": "MIT"
    },
    "node_modules/jose": {
      "version": "6.1.3",
      "resolved": "https://a0us.jfrog.io/artifactory/api/npm/npm/jose/-/jose-6.1.3.tgz",
      "integrity": "sha512-0TpaTfihd4QMNwrz/ob2Bp7X04yuxJkjRGi4aKmOqwhov54i6u79oCv7T+C7lo70MKH6BesI3vscD1yb/yzKXQ==",
      "license": "MIT",
      "funding": {
        "url": "https://github.com/sponsors/panva"
      }
    },
    "node_modules/lodash": {
      "version": "4.17.23",
      "resolved": "https://a0us.jfrog.io/artifactory/api/npm/npm/lodash/-/lodash-4.17.23.tgz",
      "integrity": "sha512-LgVTMpQtIopCi79SJeDiP0TfWi5CNEc/L/aRdTh3yIvmZXTnheWpKjSZhnvMl8iXbC1tFg9gdHHDMLoV7CnG+w==",
      "license": "MIT"
    },
    "node_modules/oauth4webapi": {
      "version": "3.8.4",
      "resolved": "https://a0us.jfrog.io/artifactory/api/npm/npm/oauth4webapi/-/oauth4webapi-3.8.4.tgz",
      "integrity": "sha512-EKlVEgav8zH31IXxvhCqjEgQws6S9QmnmJyLXmeV5REf59g7VmqRVa5l/rhGWtUqGm2rLVTNwukn9hla5kJ2WQ==",
      "license": "MIT",
      "funding": {
        "url": "https://github.com/sponsors/panva"
      }
    },
    "node_modules/openid-client": {
      "version": "6.8.2",
      "resolved": "https://a0us.jfrog.io/artifactory/api/npm/npm/openid-client/-/openid-client-6.8.2.tgz",
      "integrity": "sha512-uOvTCndr4udZsKihJ68H9bUICrriHdUVJ6Az+4Ns6cW55rwM5h0bjVIzDz2SxgOI84LKjFyjOFvERLzdTUROGA==",
      "license": "MIT",
      "dependencies": {
        "jose": "^6.1.3",
        "oauth4webapi": "^3.8.4"
      },
      "funding": {
        "url": "https://github.com/sponsors/panva"
      }
    },
    "node_modules/typescript": {
      "resolved": "../../node_modules/.pnpm/typescript@5.9.3/node_modules/typescript",
      "link": true
    },
    "node_modules/vite": {
      "resolved": "../../node_modules/.pnpm/vite@7.3.1_@types+node@24.10.13_jiti@2.6.1_lightningcss@1.30.2_tsx@4.21.0_yaml@2.8.1/node_modules/vite",
      "link": true
    },
    "node_modules/vue": {
      "resolved": "../../node_modules/.pnpm/vue@3.5.28_typescript@5.9.3/node_modules/vue",
      "link": true
    },
    "node_modules/vue-tsc": {
      "resolved": "../../node_modules/.pnpm/vue-tsc@3.2.4_typescript@5.9.3/node_modules/vue-tsc",
      "link": true
    }
  }
}
